// !$*UTF8*$!
{
	archiveVersion = 1;
	classes = {
	};
	objectVersion = 50;
	objects = {

/* Begin PBXBuildFile section */
		3A091E98225B554400F2CA4C /* InteractiveCellViewModel.swift in Sources */ = {isa = PBXBuildFile; fileRef = 3A091E97225B554300F2CA4C /* InteractiveCellViewModel.swift */; };
		851892CC228494AC00774613 /* BaseTableViewController.swift in Sources */ = {isa = PBXBuildFile; fileRef = 851892CB228494AC00774613 /* BaseTableViewController.swift */; };
		851892CE228496AB00774613 /* LazyTableViewDataAdapter.swift in Sources */ = {isa = PBXBuildFile; fileRef = 851892CD228496AB00774613 /* LazyTableViewDataAdapter.swift */; };
		851892D022849C5600774613 /* SupplementaryKind.swift in Sources */ = {isa = PBXBuildFile; fileRef = 851892CF22849C5600774613 /* SupplementaryKind.swift */; };
		851A8746227F73C100666B97 /* BaseCollectionViewController.swift in Sources */ = {isa = PBXBuildFile; fileRef = 851A8745227F73C100666B97 /* BaseCollectionViewController.swift */; };
		851A8748227F78DD00666B97 /* LanguageSupport.swift in Sources */ = {isa = PBXBuildFile; fileRef = 851A8747227F78DD00666B97 /* LanguageSupport.swift */; };
		8520241B220630BC00E3F7D1 /* CellViewModel.h in Headers */ = {isa = PBXBuildFile; fileRef = 85202419220630BC00E3F7D1 /* CellViewModel.h */; settings = {ATTRIBUTES = (Public, ); }; };
		852024332206325500E3F7D1 /* TableViewDataAdapter.swift in Sources */ = {isa = PBXBuildFile; fileRef = 852024232206325500E3F7D1 /* TableViewDataAdapter.swift */; };
		852024342206325500E3F7D1 /* CollectionViewDataAdapter.swift in Sources */ = {isa = PBXBuildFile; fileRef = 852024252206325500E3F7D1 /* CollectionViewDataAdapter.swift */; };
		852024352206325500E3F7D1 /* LazyCollectionViewDataAdapter.swift in Sources */ = {isa = PBXBuildFile; fileRef = 852024262206325500E3F7D1 /* LazyCollectionViewDataAdapter.swift */; };
		852024362206325500E3F7D1 /* Section.swift in Sources */ = {isa = PBXBuildFile; fileRef = 852024272206325500E3F7D1 /* Section.swift */; };
		852024372206325500E3F7D1 /* UITableView+ViewModels.swift in Sources */ = {isa = PBXBuildFile; fileRef = 852024292206325500E3F7D1 /* UITableView+ViewModels.swift */; };
		852024382206325500E3F7D1 /* UICollectionView+ViewModel.swift in Sources */ = {isa = PBXBuildFile; fileRef = 8520242A2206325500E3F7D1 /* UICollectionView+ViewModel.swift */; };
		852024392206325500E3F7D1 /* SupplementaryViewModel.swift in Sources */ = {isa = PBXBuildFile; fileRef = 8520242C2206325500E3F7D1 /* SupplementaryViewModel.swift */; };
		8520243A2206325500E3F7D1 /* Reusable.swift in Sources */ = {isa = PBXBuildFile; fileRef = 8520242D2206325500E3F7D1 /* Reusable.swift */; };
		8520243B2206325500E3F7D1 /* XibInitializable.swift in Sources */ = {isa = PBXBuildFile; fileRef = 8520242E2206325500E3F7D1 /* XibInitializable.swift */; };
		8520243C2206325500E3F7D1 /* CellViewModel.swift in Sources */ = {isa = PBXBuildFile; fileRef = 8520242F2206325500E3F7D1 /* CellViewModel.swift */; };
		8520243D2206325500E3F7D1 /* AccessiblityDisplayOptions.swift in Sources */ = {isa = PBXBuildFile; fileRef = 852024312206325500E3F7D1 /* AccessiblityDisplayOptions.swift */; };
		8520243E2206325500E3F7D1 /* Accessible.swift in Sources */ = {isa = PBXBuildFile; fileRef = 852024322206325500E3F7D1 /* Accessible.swift */; };
/* End PBXBuildFile section */

/* Begin PBXFileReference section */
		3A091E97225B554300F2CA4C /* InteractiveCellViewModel.swift */ = {isa = PBXFileReference; fileEncoding = 4; lastKnownFileType = sourcecode.swift; path = InteractiveCellViewModel.swift; sourceTree = "<group>"; };
		851892CB228494AC00774613 /* BaseTableViewController.swift */ = {isa = PBXFileReference; lastKnownFileType = sourcecode.swift; path = BaseTableViewController.swift; sourceTree = "<group>"; };
		851892CD228496AB00774613 /* LazyTableViewDataAdapter.swift */ = {isa = PBXFileReference; lastKnownFileType = sourcecode.swift; path = LazyTableViewDataAdapter.swift; sourceTree = "<group>"; };
		851892CF22849C5600774613 /* SupplementaryKind.swift */ = {isa = PBXFileReference; lastKnownFileType = sourcecode.swift; path = SupplementaryKind.swift; sourceTree = "<group>"; };
		851A8745227F73C100666B97 /* BaseCollectionViewController.swift */ = {isa = PBXFileReference; fileEncoding = 4; lastKnownFileType = sourcecode.swift; path = BaseCollectionViewController.swift; sourceTree = "<group>"; };
		851A8747227F78DD00666B97 /* LanguageSupport.swift */ = {isa = PBXFileReference; lastKnownFileType = sourcecode.swift; path = LanguageSupport.swift; sourceTree = "<group>"; };
		85202416220630BC00E3F7D1 /* CellViewModel.framework */ = {isa = PBXFileReference; explicitFileType = wrapper.framework; includeInIndex = 0; path = CellViewModel.framework; sourceTree = BUILT_PRODUCTS_DIR; };
		85202419220630BC00E3F7D1 /* CellViewModel.h */ = {isa = PBXFileReference; lastKnownFileType = sourcecode.c.h; path = CellViewModel.h; sourceTree = "<group>"; };
		8520241A220630BC00E3F7D1 /* Info.plist */ = {isa = PBXFileReference; lastKnownFileType = text.plist.xml; path = Info.plist; sourceTree = "<group>"; };
		852024232206325500E3F7D1 /* TableViewDataAdapter.swift */ = {isa = PBXFileReference; fileEncoding = 4; lastKnownFileType = sourcecode.swift; path = TableViewDataAdapter.swift; sourceTree = "<group>"; };
		852024252206325500E3F7D1 /* CollectionViewDataAdapter.swift */ = {isa = PBXFileReference; fileEncoding = 4; lastKnownFileType = sourcecode.swift; path = CollectionViewDataAdapter.swift; sourceTree = "<group>"; };
		852024262206325500E3F7D1 /* LazyCollectionViewDataAdapter.swift */ = {isa = PBXFileReference; fileEncoding = 4; lastKnownFileType = sourcecode.swift; path = LazyCollectionViewDataAdapter.swift; sourceTree = "<group>"; };
		852024272206325500E3F7D1 /* Section.swift */ = {isa = PBXFileReference; fileEncoding = 4; lastKnownFileType = sourcecode.swift; path = Section.swift; sourceTree = "<group>"; };
		852024292206325500E3F7D1 /* UITableView+ViewModels.swift */ = {isa = PBXFileReference; fileEncoding = 4; lastKnownFileType = sourcecode.swift; path = "UITableView+ViewModels.swift"; sourceTree = "<group>"; };
		8520242A2206325500E3F7D1 /* UICollectionView+ViewModel.swift */ = {isa = PBXFileReference; fileEncoding = 4; lastKnownFileType = sourcecode.swift; path = "UICollectionView+ViewModel.swift"; sourceTree = "<group>"; };
		8520242C2206325500E3F7D1 /* SupplementaryViewModel.swift */ = {isa = PBXFileReference; fileEncoding = 4; lastKnownFileType = sourcecode.swift; path = SupplementaryViewModel.swift; sourceTree = "<group>"; };
		8520242D2206325500E3F7D1 /* Reusable.swift */ = {isa = PBXFileReference; fileEncoding = 4; lastKnownFileType = sourcecode.swift; path = Reusable.swift; sourceTree = "<group>"; };
		8520242E2206325500E3F7D1 /* XibInitializable.swift */ = {isa = PBXFileReference; fileEncoding = 4; lastKnownFileType = sourcecode.swift; path = XibInitializable.swift; sourceTree = "<group>"; };
		8520242F2206325500E3F7D1 /* CellViewModel.swift */ = {isa = PBXFileReference; fileEncoding = 4; lastKnownFileType = sourcecode.swift; path = CellViewModel.swift; sourceTree = "<group>"; };
		852024312206325500E3F7D1 /* AccessiblityDisplayOptions.swift */ = {isa = PBXFileReference; fileEncoding = 4; lastKnownFileType = sourcecode.swift; path = AccessiblityDisplayOptions.swift; sourceTree = "<group>"; };
		852024322206325500E3F7D1 /* Accessible.swift */ = {isa = PBXFileReference; fileEncoding = 4; lastKnownFileType = sourcecode.swift; path = Accessible.swift; sourceTree = "<group>"; };
/* End PBXFileReference section */

/* Begin PBXFrameworksBuildPhase section */
		85202413220630BC00E3F7D1 /* Frameworks */ = {
			isa = PBXFrameworksBuildPhase;
			buildActionMask = 2147483647;
			files = (
			);
			runOnlyForDeploymentPostprocessing = 0;
		};
/* End PBXFrameworksBuildPhase section */

/* Begin PBXGroup section */
		851892CA2284947D00774613 /* Support */ = {
			isa = PBXGroup;
			children = (
				851A8747227F78DD00666B97 /* LanguageSupport.swift */,
			);
			path = Support;
			sourceTree = "<group>";
		};
		851A8744227F73AB00666B97 /* ViewControllers */ = {
			isa = PBXGroup;
			children = (
				851892CB228494AC00774613 /* BaseTableViewController.swift */,
				851A8745227F73C100666B97 /* BaseCollectionViewController.swift */,
			);
			path = ViewControllers;
			sourceTree = "<group>";
		};
		8520240C220630BC00E3F7D1 = {
			isa = PBXGroup;
			children = (
				85202418220630BC00E3F7D1 /* CellViewModel */,
				85202417220630BC00E3F7D1 /* Products */,
			);
			sourceTree = "<group>";
		};
		85202417220630BC00E3F7D1 /* Products */ = {
			isa = PBXGroup;
			children = (
				85202416220630BC00E3F7D1 /* CellViewModel.framework */,
			);
			name = Products;
			sourceTree = "<group>";
		};
		85202418220630BC00E3F7D1 /* CellViewModel */ = {
			isa = PBXGroup;
			children = (
				8520243F2206348900E3F7D1 /* Sources */,
				85202419220630BC00E3F7D1 /* CellViewModel.h */,
				8520241A220630BC00E3F7D1 /* Info.plist */,
			);
			path = CellViewModel;
			sourceTree = "<group>";
		};
		852024212206325500E3F7D1 /* Adapter */ = {
			isa = PBXGroup;
			children = (
				852024272206325500E3F7D1 /* Section.swift */,
				852024222206325500E3F7D1 /* TableView */,
				852024242206325500E3F7D1 /* CollectionView */,
			);
			path = Adapter;
			sourceTree = "<group>";
		};
		852024222206325500E3F7D1 /* TableView */ = {
			isa = PBXGroup;
			children = (
				852024232206325500E3F7D1 /* TableViewDataAdapter.swift */,
				851892CD228496AB00774613 /* LazyTableViewDataAdapter.swift */,
			);
			path = TableView;
			sourceTree = "<group>";
		};
		852024242206325500E3F7D1 /* CollectionView */ = {
			isa = PBXGroup;
			children = (
				852024252206325500E3F7D1 /* CollectionViewDataAdapter.swift */,
				852024262206325500E3F7D1 /* LazyCollectionViewDataAdapter.swift */,
			);
			path = CollectionView;
			sourceTree = "<group>";
		};
		852024282206325500E3F7D1 /* Extensions */ = {
			isa = PBXGroup;
			children = (
				852024292206325500E3F7D1 /* UITableView+ViewModels.swift */,
				8520242A2206325500E3F7D1 /* UICollectionView+ViewModel.swift */,
			);
			path = Extensions;
			sourceTree = "<group>";
		};
		8520242B2206325500E3F7D1 /* ViewModels */ = {
			isa = PBXGroup;
			children = (
				8520242D2206325500E3F7D1 /* Reusable.swift */,
				8520242E2206325500E3F7D1 /* XibInitializable.swift */,
				8520242F2206325500E3F7D1 /* CellViewModel.swift */,
				851892CF22849C5600774613 /* SupplementaryKind.swift */,
				8520242C2206325500E3F7D1 /* SupplementaryViewModel.swift */,
				3A091E97225B554300F2CA4C /* InteractiveCellViewModel.swift */,
				852024302206325500E3F7D1 /* Accessibility */,
			);
			path = ViewModels;
			sourceTree = "<group>";
		};
		852024302206325500E3F7D1 /* Accessibility */ = {
			isa = PBXGroup;
			children = (
				852024322206325500E3F7D1 /* Accessible.swift */,
				852024312206325500E3F7D1 /* AccessiblityDisplayOptions.swift */,
			);
			path = Accessibility;
			sourceTree = "<group>";
		};
		8520243F2206348900E3F7D1 /* Sources */ = {
			isa = PBXGroup;
			children = (
				8520242B2206325500E3F7D1 /* ViewModels */,
				852024212206325500E3F7D1 /* Adapter */,
				852024282206325500E3F7D1 /* Extensions */,
				851A8744227F73AB00666B97 /* ViewControllers */,
				851892CA2284947D00774613 /* Support */,
			);
			path = Sources;
			sourceTree = "<group>";
		};
/* End PBXGroup section */

/* Begin PBXHeadersBuildPhase section */
		85202411220630BC00E3F7D1 /* Headers */ = {
			isa = PBXHeadersBuildPhase;
			buildActionMask = 2147483647;
			files = (
				8520241B220630BC00E3F7D1 /* CellViewModel.h in Headers */,
			);
			runOnlyForDeploymentPostprocessing = 0;
		};
/* End PBXHeadersBuildPhase section */

/* Begin PBXNativeTarget section */
		85202415220630BC00E3F7D1 /* CellViewModel */ = {
			isa = PBXNativeTarget;
			buildConfigurationList = 8520241E220630BC00E3F7D1 /* Build configuration list for PBXNativeTarget "CellViewModel" */;
			buildPhases = (
				85202411220630BC00E3F7D1 /* Headers */,
				85202412220630BC00E3F7D1 /* Sources */,
				85202413220630BC00E3F7D1 /* Frameworks */,
				85202414220630BC00E3F7D1 /* Resources */,
			);
			buildRules = (
			);
			dependencies = (
			);
			name = CellViewModel;
			productName = CellViewModel;
			productReference = 85202416220630BC00E3F7D1 /* CellViewModel.framework */;
			productType = "com.apple.product-type.framework";
		};
/* End PBXNativeTarget section */

/* Begin PBXProject section */
		8520240D220630BC00E3F7D1 /* Project object */ = {
			isa = PBXProject;
			attributes = {
				LastUpgradeCheck = 1010;
				ORGANIZATIONNAME = "Anton Poltoratskyi";
				TargetAttributes = {
					85202415220630BC00E3F7D1 = {
						CreatedOnToolsVersion = 10.1;
					};
				};
			};
			buildConfigurationList = 85202410220630BC00E3F7D1 /* Build configuration list for PBXProject "CellViewModel" */;
			compatibilityVersion = "Xcode 9.3";
			developmentRegion = en;
			hasScannedForEncodings = 0;
			knownRegions = (
				en,
			);
			mainGroup = 8520240C220630BC00E3F7D1;
			productRefGroup = 85202417220630BC00E3F7D1 /* Products */;
			projectDirPath = "";
			projectRoot = "";
			targets = (
				85202415220630BC00E3F7D1 /* CellViewModel */,
			);
		};
/* End PBXProject section */

/* Begin PBXResourcesBuildPhase section */
		85202414220630BC00E3F7D1 /* Resources */ = {
			isa = PBXResourcesBuildPhase;
			buildActionMask = 2147483647;
			files = (
			);
			runOnlyForDeploymentPostprocessing = 0;
		};
/* End PBXResourcesBuildPhase section */

/* Begin PBXSourcesBuildPhase section */
		85202412220630BC00E3F7D1 /* Sources */ = {
			isa = PBXSourcesBuildPhase;
			buildActionMask = 2147483647;
			files = (
				8520243C2206325500E3F7D1 /* CellViewModel.swift in Sources */,
				852024382206325500E3F7D1 /* UICollectionView+ViewModel.swift in Sources */,
				851892CE228496AB00774613 /* LazyTableViewDataAdapter.swift in Sources */,
				8520243B2206325500E3F7D1 /* XibInitializable.swift in Sources */,
				8520243D2206325500E3F7D1 /* AccessiblityDisplayOptions.swift in Sources */,
				852024342206325500E3F7D1 /* CollectionViewDataAdapter.swift in Sources */,
				851A8748227F78DD00666B97 /* LanguageSupport.swift in Sources */,
				8520243E2206325500E3F7D1 /* Accessible.swift in Sources */,
				3A091E98225B554400F2CA4C /* InteractiveCellViewModel.swift in Sources */,
				851892D022849C5600774613 /* SupplementaryKind.swift in Sources */,
				852024362206325500E3F7D1 /* Section.swift in Sources */,
				852024372206325500E3F7D1 /* UITableView+ViewModels.swift in Sources */,
				851892CC228494AC00774613 /* BaseTableViewController.swift in Sources */,
				8520243A2206325500E3F7D1 /* Reusable.swift in Sources */,
				852024392206325500E3F7D1 /* SupplementaryViewModel.swift in Sources */,
				851A8746227F73C100666B97 /* BaseCollectionViewController.swift in Sources */,
				852024332206325500E3F7D1 /* TableViewDataAdapter.swift in Sources */,
				852024352206325500E3F7D1 /* LazyCollectionViewDataAdapter.swift in Sources */,
			);
			runOnlyForDeploymentPostprocessing = 0;
		};
/* End PBXSourcesBuildPhase section */

/* Begin XCBuildConfiguration section */
		8520241C220630BC00E3F7D1 /* Debug */ = {
			isa = XCBuildConfiguration;
			buildSettings = {
				ALWAYS_SEARCH_USER_PATHS = NO;
				CLANG_ANALYZER_NONNULL = YES;
				CLANG_ANALYZER_NUMBER_OBJECT_CONVERSION = YES_AGGRESSIVE;
				CLANG_CXX_LANGUAGE_STANDARD = "gnu++14";
				CLANG_CXX_LIBRARY = "libc++";
				CLANG_ENABLE_MODULES = YES;
				CLANG_ENABLE_OBJC_ARC = YES;
				CLANG_ENABLE_OBJC_WEAK = YES;
				CLANG_WARN_BLOCK_CAPTURE_AUTORELEASING = YES;
				CLANG_WARN_BOOL_CONVERSION = YES;
				CLANG_WARN_COMMA = YES;
				CLANG_WARN_CONSTANT_CONVERSION = YES;
				CLANG_WARN_DEPRECATED_OBJC_IMPLEMENTATIONS = YES;
				CLANG_WARN_DIRECT_OBJC_ISA_USAGE = YES_ERROR;
				CLANG_WARN_DOCUMENTATION_COMMENTS = YES;
				CLANG_WARN_EMPTY_BODY = YES;
				CLANG_WARN_ENUM_CONVERSION = YES;
				CLANG_WARN_INFINITE_RECURSION = YES;
				CLANG_WARN_INT_CONVERSION = YES;
				CLANG_WARN_NON_LITERAL_NULL_CONVERSION = YES;
				CLANG_WARN_OBJC_IMPLICIT_RETAIN_SELF = YES;
				CLANG_WARN_OBJC_LITERAL_CONVERSION = YES;
				CLANG_WARN_OBJC_ROOT_CLASS = YES_ERROR;
				CLANG_WARN_RANGE_LOOP_ANALYSIS = YES;
				CLANG_WARN_STRICT_PROTOTYPES = YES;
				CLANG_WARN_SUSPICIOUS_MOVE = YES;
				CLANG_WARN_UNGUARDED_AVAILABILITY = YES_AGGRESSIVE;
				CLANG_WARN_UNREACHABLE_CODE = YES;
				CLANG_WARN__DUPLICATE_METHOD_MATCH = YES;
				CODE_SIGN_IDENTITY = "iPhone Developer";
				COPY_PHASE_STRIP = NO;
				CURRENT_PROJECT_VERSION = 1;
				DEBUG_INFORMATION_FORMAT = dwarf;
				ENABLE_STRICT_OBJC_MSGSEND = YES;
				ENABLE_TESTABILITY = YES;
				GCC_C_LANGUAGE_STANDARD = gnu11;
				GCC_DYNAMIC_NO_PIC = NO;
				GCC_NO_COMMON_BLOCKS = YES;
				GCC_OPTIMIZATION_LEVEL = 0;
				GCC_PREPROCESSOR_DEFINITIONS = (
					"DEBUG=1",
					"$(inherited)",
				);
				GCC_WARN_64_TO_32_BIT_CONVERSION = YES;
				GCC_WARN_ABOUT_RETURN_TYPE = YES_ERROR;
				GCC_WARN_UNDECLARED_SELECTOR = YES;
				GCC_WARN_UNINITIALIZED_AUTOS = YES_AGGRESSIVE;
				GCC_WARN_UNUSED_FUNCTION = YES;
				GCC_WARN_UNUSED_VARIABLE = YES;
				IPHONEOS_DEPLOYMENT_TARGET = 12.1;
				MTL_ENABLE_DEBUG_INFO = INCLUDE_SOURCE;
				MTL_FAST_MATH = YES;
				ONLY_ACTIVE_ARCH = YES;
				SDKROOT = iphoneos;
				SWIFT_ACTIVE_COMPILATION_CONDITIONS = DEBUG;
				SWIFT_OPTIMIZATION_LEVEL = "-Onone";
				VERSIONING_SYSTEM = "apple-generic";
				VERSION_INFO_PREFIX = "";
			};
			name = Debug;
		};
		8520241D220630BC00E3F7D1 /* Release */ = {
			isa = XCBuildConfiguration;
			buildSettings = {
				ALWAYS_SEARCH_USER_PATHS = NO;
				CLANG_ANALYZER_NONNULL = YES;
				CLANG_ANALYZER_NUMBER_OBJECT_CONVERSION = YES_AGGRESSIVE;
				CLANG_CXX_LANGUAGE_STANDARD = "gnu++14";
				CLANG_CXX_LIBRARY = "libc++";
				CLANG_ENABLE_MODULES = YES;
				CLANG_ENABLE_OBJC_ARC = YES;
				CLANG_ENABLE_OBJC_WEAK = YES;
				CLANG_WARN_BLOCK_CAPTURE_AUTORELEASING = YES;
				CLANG_WARN_BOOL_CONVERSION = YES;
				CLANG_WARN_COMMA = YES;
				CLANG_WARN_CONSTANT_CONVERSION = YES;
				CLANG_WARN_DEPRECATED_OBJC_IMPLEMENTATIONS = YES;
				CLANG_WARN_DIRECT_OBJC_ISA_USAGE = YES_ERROR;
				CLANG_WARN_DOCUMENTATION_COMMENTS = YES;
				CLANG_WARN_EMPTY_BODY = YES;
				CLANG_WARN_ENUM_CONVERSION = YES;
				CLANG_WARN_INFINITE_RECURSION = YES;
				CLANG_WARN_INT_CONVERSION = YES;
				CLANG_WARN_NON_LITERAL_NULL_CONVERSION = YES;
				CLANG_WARN_OBJC_IMPLICIT_RETAIN_SELF = YES;
				CLANG_WARN_OBJC_LITERAL_CONVERSION = YES;
				CLANG_WARN_OBJC_ROOT_CLASS = YES_ERROR;
				CLANG_WARN_RANGE_LOOP_ANALYSIS = YES;
				CLANG_WARN_STRICT_PROTOTYPES = YES;
				CLANG_WARN_SUSPICIOUS_MOVE = YES;
				CLANG_WARN_UNGUARDED_AVAILABILITY = YES_AGGRESSIVE;
				CLANG_WARN_UNREACHABLE_CODE = YES;
				CLANG_WARN__DUPLICATE_METHOD_MATCH = YES;
				CODE_SIGN_IDENTITY = "iPhone Developer";
				COPY_PHASE_STRIP = NO;
				CURRENT_PROJECT_VERSION = 1;
				DEBUG_INFORMATION_FORMAT = "dwarf-with-dsym";
				ENABLE_NS_ASSERTIONS = NO;
				ENABLE_STRICT_OBJC_MSGSEND = YES;
				GCC_C_LANGUAGE_STANDARD = gnu11;
				GCC_NO_COMMON_BLOCKS = YES;
				GCC_WARN_64_TO_32_BIT_CONVERSION = YES;
				GCC_WARN_ABOUT_RETURN_TYPE = YES_ERROR;
				GCC_WARN_UNDECLARED_SELECTOR = YES;
				GCC_WARN_UNINITIALIZED_AUTOS = YES_AGGRESSIVE;
				GCC_WARN_UNUSED_FUNCTION = YES;
				GCC_WARN_UNUSED_VARIABLE = YES;
				IPHONEOS_DEPLOYMENT_TARGET = 12.1;
				MTL_ENABLE_DEBUG_INFO = NO;
				MTL_FAST_MATH = YES;
				SDKROOT = iphoneos;
				SWIFT_COMPILATION_MODE = wholemodule;
				SWIFT_OPTIMIZATION_LEVEL = "-O";
				VALIDATE_PRODUCT = YES;
				VERSIONING_SYSTEM = "apple-generic";
				VERSION_INFO_PREFIX = "";
			};
			name = Release;
		};
		8520241F220630BC00E3F7D1 /* Debug */ = {
			isa = XCBuildConfiguration;
			buildSettings = {
				CODE_SIGN_IDENTITY = "";
				CODE_SIGN_STYLE = Automatic;
				DEFINES_MODULE = YES;
				DEVELOPMENT_TEAM = 69HX7T8G92;
				DYLIB_COMPATIBILITY_VERSION = 1;
				DYLIB_CURRENT_VERSION = 1;
				DYLIB_INSTALL_NAME_BASE = "@rpath";
				INFOPLIST_FILE = CellViewModel/Info.plist;
				INSTALL_PATH = "$(LOCAL_LIBRARY_DIR)/Frameworks";
				LD_RUNPATH_SEARCH_PATHS = (
					"$(inherited)",
					"@executable_path/Frameworks",
					"@loader_path/Frameworks",
				);
				PRODUCT_BUNDLE_IDENTIFIER = com.polant.CellViewModel;
				PRODUCT_NAME = "$(TARGET_NAME:c99extidentifier)";
				SKIP_INSTALL = YES;
				SWIFT_VERSION = 4.2;
				TARGETED_DEVICE_FAMILY = "1,2";
			};
			name = Debug;
		};
		85202420220630BC00E3F7D1 /* Release */ = {
			isa = XCBuildConfiguration;
			buildSettings = {
				CODE_SIGN_IDENTITY = "";
				CODE_SIGN_STYLE = Automatic;
				DEFINES_MODULE = YES;
				DEVELOPMENT_TEAM = 69HX7T8G92;
				DYLIB_COMPATIBILITY_VERSION = 1;
				DYLIB_CURRENT_VERSION = 1;
				DYLIB_INSTALL_NAME_BASE = "@rpath";
				INFOPLIST_FILE = CellViewModel/Info.plist;
				INSTALL_PATH = "$(LOCAL_LIBRARY_DIR)/Frameworks";
				LD_RUNPATH_SEARCH_PATHS = (
					"$(inherited)",
					"@executable_path/Frameworks",
					"@loader_path/Frameworks",
				);
				PRODUCT_BUNDLE_IDENTIFIER = com.polant.CellViewModel;
				PRODUCT_NAME = "$(TARGET_NAME:c99extidentifier)";
				SKIP_INSTALL = YES;
				SWIFT_VERSION = 4.2;
				TARGETED_DEVICE_FAMILY = "1,2";
			};
			name = Release;
		};
/* End XCBuildConfiguration section */

/* Begin XCConfigurationList section */
		85202410220630BC00E3F7D1 /* Build configuration list for PBXProject "CellViewModel" */ = {
			isa = XCConfigurationList;
			buildConfigurations = (
				8520241C220630BC00E3F7D1 /* Debug */,
				8520241D220630BC00E3F7D1 /* Release */,
			);
			defaultConfigurationIsVisible = 0;
			defaultConfigurationName = Release;
		};
		8520241E220630BC00E3F7D1 /* Build configuration list for PBXNativeTarget "CellViewModel" */ = {
			isa = XCConfigurationList;
			buildConfigurations = (
				8520241F220630BC00E3F7D1 /* Debug */,
				85202420220630BC00E3F7D1 /* Release */,
			);
			defaultConfigurationIsVisible = 0;
			defaultConfigurationName = Release;
		};
/* End XCConfigurationList section */
	};
	rootObject = 8520240D220630BC00E3F7D1 /* Project object */;
}
